
Microsoft Visual Studio Solution File, Format Version 12.00
# Visual Studio 15
VisualStudioVersion = 15.0.26430.16
MinimumVisualStudioVersion = 10.0.40219.1
Project("{8BC9CEB8-8B4A-11D0-8D11-00A0C91BC942}") = "DLLTest", "DLLTest\DLLTest.vcxproj", "{4C144C21-7F5A-46CC-AF82-304F84D1335B}"
EndProject
Project("{8BC9CEB8-8B4A-11D0-8D11-00A0C91BC942}") = "mainDLLTest", "mainDLLTest\mainDLLTest.vcxproj", "{43FAD872-4EA1-4453-9C70-3987342C1D45}"
EndProject
Global
	GlobalSection(SolutionConfigurationPlatforms) = preSolution
		Debug|x64 = Debug|x64
		Debug|x86 = Debug|x86
		Release|x64 = Release|x64
		Release|x86 = Release|x86
	EndGlobalSection
	GlobalSection(ProjectConfigurationPlatforms) = postSolution
		{4C144C21-7F5A-46CC-AF82-304F84D1335B}.Debug|x64.ActiveCfg = Debug|x64
		{4C144C21-7F5A-46CC-AF82-304F84D1335B}.Debug|x64.Build.0 = Debug|x64
		{4C144C21-7F5A-46CC-AF82-304F84D1335B}.Debug|x86.ActiveCfg = Debug|Win32
		{4C144C21-7F5A-46CC-AF82-304F84D1335B}.Debug|x86.Build.0 = Debug|Win32
		{4C144C21-7F5A-46CC-AF82-304F84D1335B}.Release|x64.ActiveCfg = Release|x64
		{4C144C21-7F5A-46CC-AF82-304F84D1335B}.Release|x64.Build.0 = Release|x64
		{4C144C21-7F5A-46CC-AF82-304F84D1335B}.Release|x86.ActiveCfg = Release|Win32
		{4C144C21-7F5A-46CC-AF82-304F84D1335B}.Release|x86.Build.0 = Release|Win32
		{43FAD872-4EA1-4453-9C70-3987342C1D45}.Debug|x64.ActiveCfg = Debug|x64
		{43FAD872-4EA1-4453-9C70-3987342C1D45}.Debug|x64.Build.0 = Debug|x64
		{43FAD872-4EA1-4453-9C70-3987342C1D45}.Debug|x86.ActiveCfg = Debug|Win32
		{43FAD872-4EA1-4453-9C70-3987342C1D45}.Debug|x86.Build.0 = Debug|Win32
		{43FAD872-4EA1-4453-9C70-3987342C1D45}.Release|x64.ActiveCfg = Release|x64
		{43FAD872-4EA1-4453-9C70-3987342C1D45}.Release|x64.Build.0 = Release|x64
		{43FAD872-4EA1-4453-9C70-3987342C1D45}.Release|x86.ActiveCfg = Release|Win32
		{43FAD872-4EA1-4453-9C70-3987342C1D45}.Release|x86.Build.0 = Release|Win32
	EndGlobalSection
	GlobalSection(SolutionProperties) = preSolution
		HideSolutionNode = FALSE
	EndGlobalSection
EndGlobal
